{
	"name": "sql-query",
	"version": "0.1.27",
	"lockfileVersion": 1,
	"requires": true,
	"dependencies": {
		"urun": {
			"version": "0.0.8",
			"resolved": "https://registry.npmjs.org/urun/-/urun-0.0.8.tgz",
			"integrity": "sha1-N5mgKTcUwRFdMmpOaeKl+W7nhuI=",
			"dev": true
		},
		"utest": {
			"version": "0.0.8",
			"resolved": "https://registry.npmjs.org/utest/-/utest-0.0.8.tgz",
			"integrity": "sha1-/AlFH+aXuQCNDEMv4NtDnWzzeRQ=",
			"dev": true
		}
	}
}
